
Microsoft Visual Studio Solution File, Format Version 12.00
# Visual Studio Version 17
VisualStudioVersion = 17.11.35327.3
MinimumVisualStudioVersion = 10.0.40219.1
Project("{FAE04EC0-301F-11D3-BF4B-00C04F79EFBC}") = "waluty", "waluty\waluty.csproj", "{0CBE9575-A28F-40C0-8344-2E30D4CCA555}"
EndProject
Global
	GlobalSection(SolutionConfigurationPlatforms) = preSolution
		Debug|Any CPU = Debug|Any CPU
		Release|Any CPU = Release|Any CPU
	EndGlobalSection
	GlobalSection(ProjectConfigurationPlatforms) = postSolution
		{0CBE9575-A28F-40C0-8344-2E30D4CCA555}.Debug|Any CPU.ActiveCfg = Debug|Any CPU
		{0CBE9575-A28F-40C0-8344-2E30D4CCA555}.Debug|Any CPU.Build.0 = Debug|Any CPU
		{0CBE9575-A28F-40C0-8344-2E30D4CCA555}.Release|Any CPU.ActiveCfg = Release|Any CPU
		{0CBE9575-A28F-40C0-8344-2E30D4CCA555}.Release|Any CPU.Build.0 = Release|Any CPU
	EndGlobalSection
	GlobalSection(SolutionProperties) = preSolution
		HideSolutionNode = FALSE
	EndGlobalSection
	GlobalSection(ExtensibilityGlobals) = postSolution
		SolutionGuid = {D546709E-352B-496E-9F1E-05C6D31448E2}
	EndGlobalSection
EndGlobal
